// !$*UTF8*$!
{
	archiveVersion = 1;
	classes = {
	};
	objectVersion = 56;
	objects = {

/* Begin PBXBuildFile section */
		C23AA1C92BAA0D9E0079CA8A /* MusicByLocationApp.swift in Sources */ = {isa = PBXBuildFile; fileRef = C23AA1C82BAA0D9E0079CA8A /* MusicByLocationApp.swift */; };
		C23AA1CB2BAA0D9E0079CA8A /* ContentView.swift in Sources */ = {isa = PBXBuildFile; fileRef = C23AA1CA2BAA0D9E0079CA8A /* ContentView.swift */; };
		C23AA1CD2BAA0DA00079CA8A /* Assets.xcassets in Resources */ = {isa = PBXBuildFile; fileRef = C23AA1CC2BAA0DA00079CA8A /* Assets.xcassets */; };
		C23AA1D02BAA0DA00079CA8A /* Preview Assets.xcassets in Resources */ = {isa = PBXBuildFile; fileRef = C23AA1CF2BAA0DA00079CA8A /* Preview Assets.xcassets */; };
		C23AA1DA2BAA0DA00079CA8A /* MusicByLocationTests.swift in Sources */ = {isa = PBXBuildFile; fileRef = C23AA1D92BAA0DA00079CA8A /* MusicByLocationTests.swift */; };
		C23AA1E42BAA0DA00079CA8A /* MusicByLocationUITests.swift in Sources */ = {isa = PBXBuildFile; fileRef = C23AA1E32BAA0DA00079CA8A /* MusicByLocationUITests.swift */; };
		C23AA1E62BAA0DA00079CA8A /* MusicByLocationUITestsLaunchTests.swift in Sources */ = {isa = PBXBuildFile; fileRef = C23AA1E52BAA0DA00079CA8A /* MusicByLocationUITestsLaunchTests.swift */; };
/* End PBXBuildFile section */

/* Begin PBXContainerItemProxy section */
		C23AA1D62BAA0DA00079CA8A /* PBXContainerItemProxy */ = {
			isa = PBXContainerItemProxy;
			containerPortal = C23AA1BD2BAA0D9E0079CA8A /* Project object */;
			proxyType = 1;
			remoteGlobalIDString = C23AA1C42BAA0D9E0079CA8A;
			remoteInfo = MusicByLocation;
		};
		C23AA1E02BAA0DA00079CA8A /* PBXContainerItemProxy */ = {
			isa = PBXContainerItemProxy;
			containerPortal = C23AA1BD2BAA0D9E0079CA8A /* Project object */;
			proxyType = 1;
			remoteGlobalIDString = C23AA1C42BAA0D9E0079CA8A;
			remoteInfo = MusicByLocation;
		};
/* End PBXContainerItemProxy section */

/* Begin PBXFileReference section */
		C23AA1C52BAA0D9E0079CA8A /* MusicByLocation.app */ = {isa = PBXFileReference; explicitFileType = wrapper.application; includeInIndex = 0; path = MusicByLocation.app; sourceTree = BUILT_PRODUCTS_DIR; };
		C23AA1C82BAA0D9E0079CA8A /* MusicByLocationApp.swift */ = {isa = PBXFileReference; lastKnownFileType = sourcecode.swift; path = MusicByLocationApp.swift; sourceTree = "<group>"; };
		C23AA1CA2BAA0D9E0079CA8A /* ContentView.swift */ = {isa = PBXFileReference; lastKnownFileType = sourcecode.swift; path = ContentView.swift; sourceTree = "<group>"; };
		C23AA1CC2BAA0DA00079CA8A /* Assets.xcassets */ = {isa = PBXFileReference; lastKnownFileType = folder.assetcatalog; path = Assets.xcassets; sourceTree = "<group>"; };
		C23AA1CF2BAA0DA00079CA8A /* Preview Assets.xcassets */ = {isa = PBXFileReference; lastKnownFileType = folder.assetcatalog; path = "Preview Assets.xcassets"; sourceTree = "<group>"; };
		C23AA1D52BAA0DA00079CA8A /* MusicByLocationTests.xctest */ = {isa = PBXFileReference; explicitFileType = wrapper.cfbundle; includeInIndex = 0; path = MusicByLocationTests.xctest; sourceTree = BUILT_PRODUCTS_DIR; };
		C23AA1D92BAA0DA00079CA8A /* MusicByLocationTests.swift */ = {isa = PBXFileReference; lastKnownFileType = sourcecode.swift; path = MusicByLocationTests.swift; sourceTree = "<group>"; };
		C23AA1DF2BAA0DA00079CA8A /* MusicByLocationUITests.xctest */ = {isa = PBXFileReference; explicitFileType = wrapper.cfbundle; includeInIndex = 0; path = MusicByLocationUITests.xctest; sourceTree = BUILT_PRODUCTS_DIR; };
		C23AA1E32BAA0DA00079CA8A /* MusicByLocationUITests.swift */ = {isa = PBXFileReference; lastKnownFileType = sourcecode.swift; path = MusicByLocationUITests.swift; sourceTree = "<group>"; };
		C23AA1E52BAA0DA00079CA8A /* MusicByLocationUITestsLaunchTests.swift */ = {isa = PBXFileReference; lastKnownFileType = sourcecode.swift; path = MusicByLocationUITestsLaunchTests.swift; sourceTree = "<group>"; };
/* End PBXFileReference section */

/* Begin PBXFrameworksBuildPhase section */
		C23AA1C22BAA0D9E0079CA8A /* Frameworks */ = {
			isa = PBXFrameworksBuildPhase;
			buildActionMask = 2147483647;
			files = (
			);
			runOnlyForDeploymentPostprocessing = 0;
		};
		C23AA1D22BAA0DA00079CA8A /* Frameworks */ = {
			isa = PBXFrameworksBuildPhase;
			buildActionMask = 2147483647;
			files = (
			);
			runOnlyForDeploymentPostprocessing = 0;
		};
		C23AA1DC2BAA0DA00079CA8A /* Frameworks */ = {
			isa = PBXFrameworksBuildPhase;
			buildActionMask = 2147483647;
			files = (
			);
			runOnlyForDeploymentPostprocessing = 0;
		};
/* End PBXFrameworksBuildPhase section */

/* Begin PBXGroup section */
		C23AA1BC2BAA0D9E0079CA8A = {
			isa = PBXGroup;
			children = (
				C23AA1C72BAA0D9E0079CA8A /* MusicByLocation */,
				C23AA1D82BAA0DA00079CA8A /* MusicByLocationTests */,
				C23AA1E22BAA0DA00079CA8A /* MusicByLocationUITests */,
				C23AA1C62BAA0D9E0079CA8A /* Products */,
			);
			sourceTree = "<group>";
		};
		C23AA1C62BAA0D9E0079CA8A /* Products */ = {
			isa = PBXGroup;
			children = (
				C23AA1C52BAA0D9E0079CA8A /* MusicByLocation.app */,
				C23AA1D52BAA0DA00079CA8A /* MusicByLocationTests.xctest */,
				C23AA1DF2BAA0DA00079CA8A /* MusicByLocationUITests.xctest */,
			);
			name = Products;
			sourceTree = "<group>";
		};
		C23AA1C72BAA0D9E0079CA8A /* MusicByLocation */ = {
			isa = PBXGroup;
			children = (
				C23AA1C82BAA0D9E0079CA8A /* MusicByLocationApp.swift */,
				C23AA1CA2BAA0D9E0079CA8A /* ContentView.swift */,
				C23AA1CC2BAA0DA00079CA8A /* Assets.xcassets */,
				C23AA1CE2BAA0DA00079CA8A /* Preview Content */,
			);
			path = MusicByLocation;
			sourceTree = "<group>";
		};
		C23AA1CE2BAA0DA00079CA8A /* Preview Content */ = {
			isa = PBXGroup;
			children = (
				C23AA1CF2BAA0DA00079CA8A /* Preview Assets.xcassets */,
			);
			path = "Preview Content";
			sourceTree = "<group>";
		};
		C23AA1D82BAA0DA00079CA8A /* MusicByLocationTests */ = {
			isa = PBXGroup;
			children = (
				C23AA1D92BAA0DA00079CA8A /* MusicByLocationTests.swift */,
			);
			path = MusicByLocationTests;
			sourceTree = "<group>";
		};
		C23AA1E22BAA0DA00079CA8A /* MusicByLocationUITests */ = {
			isa = PBXGroup;
			children = (
				C23AA1E32BAA0DA00079CA8A /* MusicByLocationUITests.swift */,
				C23AA1E52BAA0DA00079CA8A /* MusicByLocationUITestsLaunchTests.swift */,
			);
			path = MusicByLocationUITests;
			sourceTree = "<group>";
		};
/* End PBXGroup section */

/* Begin PBXNativeTarget section */
		C23AA1C42BAA0D9E0079CA8A /* MusicByLocation */ = {
			isa = PBXNativeTarget;
			buildConfigurationList = C23AA1E92BAA0DA00079CA8A /* Build configuration list for PBXNativeTarget "MusicByLocation" */;
			buildPhases = (
				C23AA1C12BAA0D9E0079CA8A /* Sources */,
				C23AA1C22BAA0D9E0079CA8A /* Frameworks */,
				C23AA1C32BAA0D9E0079CA8A /* Resources */,
			);
			buildRules = (
			);
			dependencies = (
			);
			name = MusicByLocation;
			productName = MusicByLocation;
			productReference = C23AA1C52BAA0D9E0079CA8A /* MusicByLocation.app */;
			productType = "com.apple.product-type.application";
		};
		C23AA1D42BAA0DA00079CA8A /* MusicByLocationTests */ = {
			isa = PBXNativeTarget;
			buildConfigurationList = C23AA1EC2BAA0DA00079CA8A /* Build configuration list for PBXNativeTarget "MusicByLocationTests" */;
			buildPhases = (
				C23AA1D12BAA0DA00079CA8A /* Sources */,
				C23AA1D22BAA0DA00079CA8A /* Frameworks */,
				C23AA1D32BAA0DA00079CA8A /* Resources */,
			);
			buildRules = (
			);
			dependencies = (
				C23AA1D72BAA0DA00079CA8A /* PBXTargetDependency */,
			);
			name = MusicByLocationTests;
			productName = MusicByLocationTests;
			productReference = C23AA1D52BAA0DA00079CA8A /* MusicByLocationTests.xctest */;
			productType = "com.apple.product-type.bundle.unit-test";
		};
		C23AA1DE2BAA0DA00079CA8A /* MusicByLocationUITests */ = {
			isa = PBXNativeTarget;
			buildConfigurationList = C23AA1EF2BAA0DA00079CA8A /* Build configuration list for PBXNativeTarget "MusicByLocationUITests" */;
			buildPhases = (
				C23AA1DB2BAA0DA00079CA8A /* Sources */,
				C23AA1DC2BAA0DA00079CA8A /* Frameworks */,
				C23AA1DD2BAA0DA00079CA8A /* Resources */,
			);
			buildRules = (
			);
			dependencies = (
				C23AA1E12BAA0DA00079CA8A /* PBXTargetDependency */,
			);
			name = MusicByLocationUITests;
			productName = MusicByLocationUITests;
			productReference = C23AA1DF2BAA0DA00079CA8A /* MusicByLocationUITests.xctest */;
			productType = "com.apple.product-type.bundle.ui-testing";
		};
/* End PBXNativeTarget section */

/* Begin PBXProject section */
		C23AA1BD2BAA0D9E0079CA8A /* Project object */ = {
			isa = PBXProject;
			attributes = {
				BuildIndependentTargetsInParallel = 1;
				LastSwiftUpdateCheck = 1500;
				LastUpgradeCheck = 1500;
				TargetAttributes = {
					C23AA1C42BAA0D9E0079CA8A = {
						CreatedOnToolsVersion = 15.0.1;
					};
					C23AA1D42BAA0DA00079CA8A = {
						CreatedOnToolsVersion = 15.0.1;
						TestTargetID = C23AA1C42BAA0D9E0079CA8A;
					};
					C23AA1DE2BAA0DA00079CA8A = {
						CreatedOnToolsVersion = 15.0.1;
						TestTargetID = C23AA1C42BAA0D9E0079CA8A;
					};
				};
			};
			buildConfigurationList = C23AA1C02BAA0D9E0079CA8A /* Build configuration list for PBXProject "MusicByLocation" */;
			compatibilityVersion = "Xcode 14.0";
			developmentRegion = en;
			hasScannedForEncodings = 0;
			knownRegions = (
				en,
				Base,
			);
			mainGroup = C23AA1BC2BAA0D9E0079CA8A;
			productRefGroup = C23AA1C62BAA0D9E0079CA8A /* Products */;
			projectDirPath = "";
			projectRoot = "";
			targets = (
				C23AA1C42BAA0D9E0079CA8A /* MusicByLocation */,
				C23AA1D42BAA0DA00079CA8A /* MusicByLocationTests */,
				C23AA1DE2BAA0DA00079CA8A /* MusicByLocationUITests */,
			);
		};
/* End PBXProject section */

/* Begin PBXResourcesBuildPhase section */
		C23AA1C32BAA0D9E0079CA8A /* Resources */ = {
			isa = PBXResourcesBuildPhase;
			buildActionMask = 2147483647;
			files = (
				C23AA1D02BAA0DA00079CA8A /* Preview Assets.xcassets in Resources */,
				C23AA1CD2BAA0DA00079CA8A /* Assets.xcassets in Resources */,
			);
			runOnlyForDeploymentPostprocessing = 0;
		};
		C23AA1D32BAA0DA00079CA8A /* Resources */ = {
			isa = PBXResourcesBuildPhase;
			buildActionMask = 2147483647;
			files = (
			);
			runOnlyForDeploymentPostprocessing = 0;
		};
		C23AA1DD2BAA0DA00079CA8A /* Resources */ = {
			isa = PBXResourcesBuildPhase;
			buildActionMask = 2147483647;
			files = (
			);
			runOnlyForDeploymentPostprocessing = 0;
		};
/* End PBXResourcesBuildPhase section */

/* Begin PBXSourcesBuildPhase section */
		C23AA1C12BAA0D9E0079CA8A /* Sources */ = {
			isa = PBXSourcesBuildPhase;
			buildActionMask = 2147483647;
			files = (
				C23AA1CB2BAA0D9E0079CA8A /* ContentView.swift in Sources */,
				C23AA1C92BAA0D9E0079CA8A /* MusicByLocationApp.swift in Sources */,
			);
			runOnlyForDeploymentPostprocessing = 0;
		};
		C23AA1D12BAA0DA00079CA8A /* Sources */ = {
			isa = PBXSourcesBuildPhase;
			buildActionMask = 2147483647;
			files = (
				C23AA1DA2BAA0DA00079CA8A /* MusicByLocationTests.swift in Sources */,
			);
			runOnlyForDeploymentPostprocessing = 0;
		};
		C23AA1DB2BAA0DA00079CA8A /* Sources */ = {
			isa = PBXSourcesBuildPhase;
			buildActionMask = 2147483647;
			files = (
				C23AA1E62BAA0DA00079CA8A /* MusicByLocationUITestsLaunchTests.swift in Sources */,
				C23AA1E42BAA0DA00079CA8A /* MusicByLocationUITests.swift in Sources */,
			);
			runOnlyForDeploymentPostprocessing = 0;
		};
/* End PBXSourcesBuildPhase section */

/* Begin PBXTargetDependency section */
		C23AA1D72BAA0DA00079CA8A /* PBXTargetDependency */ = {
			isa = PBXTargetDependency;
			target = C23AA1C42BAA0D9E0079CA8A /* MusicByLocation */;
			targetProxy = C23AA1D62BAA0DA00079CA8A /* PBXContainerItemProxy */;
		};
		C23AA1E12BAA0DA00079CA8A /* PBXTargetDependency */ = {
			isa = PBXTargetDependency;
			target = C23AA1C42BAA0D9E0079CA8A /* MusicByLocation */;
			targetProxy = C23AA1E02BAA0DA00079CA8A /* PBXContainerItemProxy */;
		};
/* End PBXTargetDependency section */

/* Begin XCBuildConfiguration section */
		C23AA1E72BAA0DA00079CA8A /* Debug */ = {
			isa = XCBuildConfiguration;
			buildSettings = {
				ALWAYS_SEARCH_USER_PATHS = NO;
				ASSETCATALOG_COMPILER_GENERATE_SWIFT_ASSET_SYMBOL_EXTENSIONS = YES;
				CLANG_ANALYZER_NONNULL = YES;
				CLANG_ANALYZER_NUMBER_OBJECT_CONVERSION = YES_AGGRESSIVE;
				CLANG_CXX_LANGUAGE_STANDARD = "gnu++20";
				CLANG_ENABLE_MODULES = YES;
				CLANG_ENABLE_OBJC_ARC = YES;
				CLANG_ENABLE_OBJC_WEAK = YES;
				CLANG_WARN_BLOCK_CAPTURE_AUTORELEASING = YES;
				CLANG_WARN_BOOL_CONVERSION = YES;
				CLANG_WARN_COMMA = YES;
				CLANG_WARN_CONSTANT_CONVERSION = YES;
				CLANG_WARN_DEPRECATED_OBJC_IMPLEMENTATIONS = YES;
				CLANG_WARN_DIRECT_OBJC_ISA_USAGE = YES_ERROR;
				CLANG_WARN_DOCUMENTATION_COMMENTS = YES;
				CLANG_WARN_EMPTY_BODY = YES;
				CLANG_WARN_ENUM_CONVERSION = YES;
				CLANG_WARN_INFINITE_RECURSION = YES;
				CLANG_WARN_INT_CONVERSION = YES;
				CLANG_WARN_NON_LITERAL_NULL_CONVERSION = YES;
				CLANG_WARN_OBJC_IMPLICIT_RETAIN_SELF = YES;
				CLANG_WARN_OBJC_LITERAL_CONVERSION = YES;
				CLANG_WARN_OBJC_ROOT_CLASS = YES_ERROR;
				CLANG_WARN_QUOTED_INCLUDE_IN_FRAMEWORK_HEADER = YES;
				CLANG_WARN_RANGE_LOOP_ANALYSIS = YES;
				CLANG_WARN_STRICT_PROTOTYPES = YES;
				CLANG_WARN_SUSPICIOUS_MOVE = YES;
				CLANG_WARN_UNGUARDED_AVAILABILITY = YES_AGGRESSIVE;
				CLANG_WARN_UNREACHABLE_CODE = YES;
				CLANG_WARN__DUPLICATE_METHOD_MATCH = YES;
				COPY_PHASE_STRIP = NO;
				DEBUG_INFORMATION_FORMAT = dwarf;
				ENABLE_STRICT_OBJC_MSGSEND = YES;
				ENABLE_TESTABILITY = YES;
				ENABLE_USER_SCRIPT_SANDBOXING = YES;
				GCC_C_LANGUAGE_STANDARD = gnu17;
				GCC_DYNAMIC_NO_PIC = NO;
				GCC_NO_COMMON_BLOCKS = YES;
				GCC_OPTIMIZATION_LEVEL = 0;
				GCC_PREPROCESSOR_DEFINITIONS = (
					"DEBUG=1",
					"$(inherited)",
				);
				GCC_WARN_64_TO_32_BIT_CONVERSION = YES;
				GCC_WARN_ABOUT_RETURN_TYPE = YES_ERROR;
				GCC_WARN_UNDECLARED_SELECTOR = YES;
				GCC_WARN_UNINITIALIZED_AUTOS = YES_AGGRESSIVE;
				GCC_WARN_UNUSED_FUNCTION = YES;
				GCC_WARN_UNUSED_VARIABLE = YES;
				IPHONEOS_DEPLOYMENT_TARGET = 17.0;
				LOCALIZATION_PREFERS_STRING_CATALOGS = YES;
				MTL_ENABLE_DEBUG_INFO = INCLUDE_SOURCE;
				MTL_FAST_MATH = YES;
				ONLY_ACTIVE_ARCH = YES;
				SDKROOT = iphoneos;
				SWIFT_ACTIVE_COMPILATION_CONDITIONS = "DEBUG $(inherited)";
				SWIFT_OPTIMIZATION_LEVEL = "-Onone";
			};
			name = Debug;
		};
		C23AA1E82BAA0DA00079CA8A /* Release */ = {
			isa = XCBuildConfiguration;
			buildSettings = {
				ALWAYS_SEARCH_USER_PATHS = NO;
				ASSETCATALOG_COMPILER_GENERATE_SWIFT_ASSET_SYMBOL_EXTENSIONS = YES;
				CLANG_ANALYZER_NONNULL = YES;
				CLANG_ANALYZER_NUMBER_OBJECT_CONVERSION = YES_AGGRESSIVE;
				CLANG_CXX_LANGUAGE_STANDARD = "gnu++20";
				CLANG_ENABLE_MODULES = YES;
				CLANG_ENABLE_OBJC_ARC = YES;
				CLANG_ENABLE_OBJC_WEAK = YES;
				CLANG_WARN_BLOCK_CAPTURE_AUTORELEASING = YES;
				CLANG_WARN_BOOL_CONVERSION = YES;
				CLANG_WARN_COMMA = YES;
				CLANG_WARN_CONSTANT_CONVERSION = YES;
				CLANG_WARN_DEPRECATED_OBJC_IMPLEMENTATIONS = YES;
				CLANG_WARN_DIRECT_OBJC_ISA_USAGE = YES_ERROR;
				CLANG_WARN_DOCUMENTATION_COMMENTS = YES;
				CLANG_WARN_EMPTY_BODY = YES;
				CLANG_WARN_ENUM_CONVERSION = YES;
				CLANG_WARN_INFINITE_RECURSION = YES;
				CLANG_WARN_INT_CONVERSION = YES;
				CLANG_WARN_NON_LITERAL_NULL_CONVERSION = YES;
				CLANG_WARN_OBJC_IMPLICIT_RETAIN_SELF = YES;
				CLANG_WARN_OBJC_LITERAL_CONVERSION = YES;
				CLANG_WARN_OBJC_ROOT_CLASS = YES_ERROR;
				CLANG_WARN_QUOTED_INCLUDE_IN_FRAMEWORK_HEADER = YES;
				CLANG_WARN_RANGE_LOOP_ANALYSIS = YES;
				CLANG_WARN_STRICT_PROTOTYPES = YES;
				CLANG_WARN_SUSPICIOUS_MOVE = YES;
				CLANG_WARN_UNGUARDED_AVAILABILITY = YES_AGGRESSIVE;
				CLANG_WARN_UNREACHABLE_CODE = YES;
				CLANG_WARN__DUPLICATE_METHOD_MATCH = YES;
				COPY_PHASE_STRIP = NO;
				DEBUG_INFORMATION_FORMAT = "dwarf-with-dsym";
				ENABLE_NS_ASSERTIONS = NO;
				ENABLE_STRICT_OBJC_MSGSEND = YES;
				ENABLE_USER_SCRIPT_SANDBOXING = YES;
				GCC_C_LANGUAGE_STANDARD = gnu17;
				GCC_NO_COMMON_BLOCKS = YES;
				GCC_WARN_64_TO_32_BIT_CONVERSION = YES;
				GCC_WARN_ABOUT_RETURN_TYPE = YES_ERROR;
				GCC_WARN_UNDECLARED_SELECTOR = YES;
				GCC_WARN_UNINITIALIZED_AUTOS = YES_AGGRESSIVE;
				GCC_WARN_UNUSED_FUNCTION = YES;
				GCC_WARN_UNUSED_VARIABLE = YES;
				IPHONEOS_DEPLOYMENT_TARGET = 17.0;
				LOCALIZATION_PREFERS_STRING_CATALOGS = YES;
				MTL_ENABLE_DEBUG_INFO = NO;
				MTL_FAST_MATH = YES;
				SDKROOT = iphoneos;
				SWIFT_COMPILATION_MODE = wholemodule;
				VALIDATE_PRODUCT = YES;
			};
			name = Release;
		};
		C23AA1EA2BAA0DA00079CA8A /* Debug */ = {
			isa = XCBuildConfiguration;
			buildSettings = {
				ASSETCATALOG_COMPILER_APPICON_NAME = AppIcon;
				ASSETCATALOG_COMPILER_GLOBAL_ACCENT_COLOR_NAME = AccentColor;
				CODE_SIGN_STYLE = Automatic;
				CURRENT_PROJECT_VERSION = 1;
				DEVELOPMENT_ASSET_PATHS = "\"MusicByLocation/Preview Content\"";
				DEVELOPMENT_TEAM = DJFD744ML9;
				ENABLE_PREVIEWS = YES;
				GENERATE_INFOPLIST_FILE = YES;
				INFOPLIST_KEY_UIApplicationSceneManifest_Generation = YES;
				INFOPLIST_KEY_UIApplicationSupportsIndirectInputEvents = YES;
				INFOPLIST_KEY_UILaunchScreen_Generation = YES;
				INFOPLIST_KEY_UISupportedInterfaceOrientations_iPad = "UIInterfaceOrientationPortrait UIInterfaceOrientationPortraitUpsideDown UIInterfaceOrientationLandscapeLeft UIInterfaceOrientationLandscapeRight";
				INFOPLIST_KEY_UISupportedInterfaceOrientations_iPhone = "UIInterfaceOrientationPortrait UIInterfaceOrientationLandscapeLeft UIInterfaceOrientationLandscapeRight";
				LD_RUNPATH_SEARCH_PATHS = (
					"$(inherited)",
					"@executable_path/Frameworks",
				);
				MARKETING_VERSION = 1.0;
				PRODUCT_BUNDLE_IDENTIFIER = com.andreaskwong.MusicByLocation;
				PRODUCT_NAME = "$(TARGET_NAME)";
				SWIFT_EMIT_LOC_STRINGS = YES;
				SWIFT_VERSION = 5.0;
				TARGETED_DEVICE_FAMILY = "1,2";
			};
			name = Debug;
		};
		C23AA1EB2BAA0DA00079CA8A /* Release */ = {
			isa = XCBuildConfiguration;
			buildSettings = {
				ASSETCATALOG_COMPILER_APPICON_NAME = AppIcon;
				ASSETCATALOG_COMPILER_GLOBAL_ACCENT_COLOR_NAME = AccentColor;
				CODE_SIGN_STYLE = Automatic;
				CURRENT_PROJECT_VERSION = 1;
				DEVELOPMENT_ASSET_PATHS = "\"MusicByLocation/Preview Content\"";
				DEVELOPMENT_TEAM = DJFD744ML9;
				ENABLE_PREVIEWS = YES;
				GENERATE_INFOPLIST_FILE = YES;
				INFOPLIST_KEY_UIApplicationSceneManifest_Generation = YES;
				INFOPLIST_KEY_UIApplicationSupportsIndirectInputEvents = YES;
				INFOPLIST_KEY_UILaunchScreen_Generation = YES;
				INFOPLIST_KEY_UISupportedInterfaceOrientations_iPad = "UIInterfaceOrientationPortrait UIInterfaceOrientationPortraitUpsideDown UIInterfaceOrientationLandscapeLeft UIInterfaceOrientationLandscapeRight";
				INFOPLIST_KEY_UISupportedInterfaceOrientations_iPhone = "UIInterfaceOrientationPortrait UIInterfaceOrientationLandscapeLeft UIInterfaceOrientationLandscapeRight";
				LD_RUNPATH_SEARCH_PATHS = (
					"$(inherited)",
					"@executable_path/Frameworks",
				);
				MARKETING_VERSION = 1.0;
				PRODUCT_BUNDLE_IDENTIFIER = com.andreaskwong.MusicByLocation;
				PRODUCT_NAME = "$(TARGET_NAME)";
				SWIFT_EMIT_LOC_STRINGS = YES;
				SWIFT_VERSION = 5.0;
				TARGETED_DEVICE_FAMILY = "1,2";
			};
			name = Release;
		};
		C23AA1ED2BAA0DA00079CA8A /* Debug */ = {
			isa = XCBuildConfiguration;
			buildSettings = {
				ALWAYS_EMBED_SWIFT_STANDARD_LIBRARIES = YES;
				BUNDLE_LOADER = "$(TEST_HOST)";
				CODE_SIGN_STYLE = Automatic;
				CURRENT_PROJECT_VERSION = 1;
				DEVELOPMENT_TEAM = DJFD744ML9;
				GENERATE_INFOPLIST_FILE = YES;
				IPHONEOS_DEPLOYMENT_TARGET = 17.0;
				MARKETING_VERSION = 1.0;
				PRODUCT_BUNDLE_IDENTIFIER = com.andreaskwong.MusicByLocationTests;
				PRODUCT_NAME = "$(TARGET_NAME)";
				SWIFT_EMIT_LOC_STRINGS = NO;
				SWIFT_VERSION = 5.0;
				TARGETED_DEVICE_FAMILY = "1,2";
				TEST_HOST = "$(BUILT_PRODUCTS_DIR)/MusicByLocation.app/$(BUNDLE_EXECUTABLE_FOLDER_PATH)/MusicByLocation";
			};
			name = Debug;
		};
		C23AA1EE2BAA0DA00079CA8A /* Release */ = {
			isa = XCBuildConfiguration;
			buildSettings = {
				ALWAYS_EMBED_SWIFT_STANDARD_LIBRARIES = YES;
				BUNDLE_LOADER = "$(TEST_HOST)";
				CODE_SIGN_STYLE = Automatic;
				CURRENT_PROJECT_VERSION = 1;
				DEVELOPMENT_TEAM = DJFD744ML9;
				GENERATE_INFOPLIST_FILE = YES;
				IPHONEOS_DEPLOYMENT_TARGET = 17.0;
				MARKETING_VERSION = 1.0;
				PRODUCT_BUNDLE_IDENTIFIER = com.andreaskwong.MusicByLocationTests;
				PRODUCT_NAME = "$(TARGET_NAME)";
				SWIFT_EMIT_LOC_STRINGS = NO;
				SWIFT_VERSION = 5.0;
				TARGETED_DEVICE_FAMILY = "1,2";
				TEST_HOST = "$(BUILT_PRODUCTS_DIR)/MusicByLocation.app/$(BUNDLE_EXECUTABLE_FOLDER_PATH)/MusicByLocation";
			};
			name = Release;
		};
		C23AA1F02BAA0DA00079CA8A /* Debug */ = {
			isa = XCBuildConfiguration;
			buildSettings = {
				ALWAYS_EMBED_SWIFT_STANDARD_LIBRARIES = YES;
				CODE_SIGN_STYLE = Automatic;
				CURRENT_PROJECT_VERSION = 1;
				DEVELOPMENT_TEAM = DJFD744ML9;
				GENERATE_INFOPLIST_FILE = YES;
				MARKETING_VERSION = 1.0;
				PRODUCT_BUNDLE_IDENTIFIER = com.andreaskwong.MusicByLocationUITests;
				PRODUCT_NAME = "$(TARGET_NAME)";
				SWIFT_EMIT_LOC_STRINGS = NO;
				SWIFT_VERSION = 5.0;
				TARGETED_DEVICE_FAMILY = "1,2";
				TEST_TARGET_NAME = MusicByLocation;
			};
			name = Debug;
		};
		C23AA1F12BAA0DA00079CA8A /* Release */ = {
			isa = XCBuildConfiguration;
			buildSettings = {
				ALWAYS_EMBED_SWIFT_STANDARD_LIBRARIES = YES;
				CODE_SIGN_STYLE = Automatic;
				CURRENT_PROJECT_VERSION = 1;
				DEVELOPMENT_TEAM = DJFD744ML9;
				GENERATE_INFOPLIST_FILE = YES;
				MARKETING_VERSION = 1.0;
				PRODUCT_BUNDLE_IDENTIFIER = com.andreaskwong.MusicByLocationUITests;
				PRODUCT_NAME = "$(TARGET_NAME)";
				SWIFT_EMIT_LOC_STRINGS = NO;
				SWIFT_VERSION = 5.0;
				TARGETED_DEVICE_FAMILY = "1,2";
				TEST_TARGET_NAME = MusicByLocation;
			};
			name = Release;
		};
/* End XCBuildConfiguration section */

/* Begin XCConfigurationList section */
		C23AA1C02BAA0D9E0079CA8A /* Build configuration list for PBXProject "MusicByLocation" */ = {
			isa = XCConfigurationList;
			buildConfigurations = (
				C23AA1E72BAA0DA00079CA8A /* Debug */,
				C23AA1E82BAA0DA00079CA8A /* Release */,
			);
			defaultConfigurationIsVisible = 0;
			defaultConfigurationName = Release;
		};
		C23AA1E92BAA0DA00079CA8A /* Build configuration list for PBXNativeTarget "MusicByLocation" */ = {
			isa = XCConfigurationList;
			buildConfigurations = (
				C23AA1EA2BAA0DA00079CA8A /* Debug */,
				C23AA1EB2BAA0DA00079CA8A /* Release */,
			);
			defaultConfigurationIsVisible = 0;
			defaultConfigurationName = Release;
		};
		C23AA1EC2BAA0DA00079CA8A /* Build configuration list for PBXNativeTarget "MusicByLocationTests" */ = {
			isa = XCConfigurationList;
			buildConfigurations = (
				C23AA1ED2BAA0DA00079CA8A /* Debug */,
				C23AA1EE2BAA0DA00079CA8A /* Release */,
			);
			defaultConfigurationIsVisible = 0;
			defaultConfigurationName = Release;
		};
		C23AA1EF2BAA0DA00079CA8A /* Build configuration list for PBXNativeTarget "MusicByLocationUITests" */ = {
			isa = XCConfigurationList;
			buildConfigurations = (
				C23AA1F02BAA0DA00079CA8A /* Debug */,
				C23AA1F12BAA0DA00079CA8A /* Release */,
			);
			defaultConfigurationIsVisible = 0;
			defaultConfigurationName = Release;
		};
/* End XCConfigurationList section */
	};
	rootObject = C23AA1BD2BAA0D9E0079CA8A /* Project object */;
}
